{
  "version": 4,
  "terraform_version": "1.2.2",
  "serial": 46,
  "lineage": "cec1c788-bb4c-e2e4-5517-69e41f148ee2",
  "outputs": {
    "dynamodb_table_arn": {
      "value": "arn:aws:dynamodb:us-east-1:796562869460:table/orig-pessoas",
      "type": "string"
    },
    "dynamodb_table_id": {
      "value": "orig-pessoas",
      "type": "string"
    },
    "dynamodb_table_stream_arn": {
      "value": "arn:aws:dynamodb:us-east-1:796562869460:table/orig-pessoas/stream/2022-06-20T01:15:50.329",
      "type": "string"
    },
    "dynamodb_table_stream_label": {
      "value": "2022-06-20T01:15:50.329",
      "type": "string"
    }
  },
  "resources": [
    {
      "mode": "data",
      "type": "archive_file",
      "name": "orig_pess_func_ddb_stream_new_item_failover_zip_file",
      "provider": "provider[\"registry.terraform.io/hashicorp/archive\"]",
      "instances": [
        {
          "schema_version": 0,
          "attributes": {
            "excludes": [
              "*.pyc",
              "__init__.py"
            ],
            "id": "adb702321368afed94a7c1ce208fa22f5922a185",
            "output_base64sha256": "/M9tv3/8h3HLaW4T0zsiSCfmv3O3kAezhBvFPDNbGt0=",
            "output_file_mode": null,
            "output_md5": "73c20781e7c7321d7070519d773db65d",
            "output_path": "./orig_pess_func_ddb_stream_new_item_failover_zip/orig_pess_func_ddb_stream_new_item_failover.zip",
            "output_sha": "adb702321368afed94a7c1ce208fa22f5922a185",
            "output_size": 557,
            "source": [],
            "source_content": null,
            "source_content_filename": null,
            "source_dir": "./orig_pess_func_ddb_stream_new_item_failover",
            "source_file": null,
            "type": "zip"
          },
          "sensitive_attributes": []
        }
      ]
    },
    {
      "mode": "data",
      "type": "archive_file",
      "name": "orig_pess_func_ddb_stream_new_item_trigger_zip_file",
      "provider": "provider[\"registry.terraform.io/hashicorp/archive\"]",
      "instances": [
        {
          "schema_version": 0,
          "attributes": {
            "excludes": [
              "*.pyc",
              "__init__.py"
            ],
            "id": "6a1342e249bd33bf7b984d28aa5d9a56b43658fb",
            "output_base64sha256": "PA0Mxdf+OBtwaNC8qhPaPeEUcdgcLpazXo80h4gOl2o=",
            "output_file_mode": null,
            "output_md5": "c8a78aadffef28891473916f5a002415",
            "output_path": "./orig_pess_func_ddb_stream_new_item_trigger_zip/orig_pess_func_ddb_stream_new_item_trigger.zip",
            "output_sha": "6a1342e249bd33bf7b984d28aa5d9a56b43658fb",
            "output_size": 468,
            "source": [],
            "source_content": null,
            "source_content_filename": null,
            "source_dir": "./orig_pess_func_ddb_stream_new_item_trigger",
            "source_file": null,
            "type": "zip"
          },
          "sensitive_attributes": []
        }
      ]
    },
    {
      "mode": "managed",
      "type": "aws_dynamodb_table",
      "name": "this",
      "provider": "provider[\"registry.terraform.io/hashicorp/aws\"]",
      "instances": [
        {
          "index_key": 0,
          "schema_version": 1,
          "attributes": {
            "arn": "arn:aws:dynamodb:us-east-1:796562869460:table/orig-pessoas",
            "attribute": [
              {
                "name": "id_pessoa",
                "type": "S"
              },
              {
                "name": "num_doc",
                "type": "S"
              },
              {
                "name": "pais_orig_tipo_doc",
                "type": "S"
              }
            ],
            "billing_mode": "PAY_PER_REQUEST",
            "global_secondary_index": [
              {
                "hash_key": "id_pessoa",
                "name": "id_pessoa-idx",
                "non_key_attributes": [
                  "criado_em"
                ],
                "projection_type": "INCLUDE",
                "range_key": "",
                "read_capacity": 0,
                "write_capacity": 0
              }
            ],
            "hash_key": "pais_orig_tipo_doc",
            "id": "orig-pessoas",
            "local_secondary_index": [],
            "name": "orig-pessoas",
            "point_in_time_recovery": [
              {
                "enabled": true
              }
            ],
            "range_key": "num_doc",
            "read_capacity": 0,
            "replica": [],
            "restore_date_time": null,
            "restore_source_name": null,
            "restore_to_latest_time": null,
            "server_side_encryption": [],
            "stream_arn": "arn:aws:dynamodb:us-east-1:796562869460:table/orig-pessoas/stream/2022-06-20T01:15:50.329",
            "stream_enabled": true,
            "stream_label": "2022-06-20T01:15:50.329",
            "stream_view_type": "NEW_IMAGE",
            "table_class": "STANDARD",
            "tags": {
              "Name": "orig-pessoas",
              "ProjectName": "Originação de Pessoas",
              "Terraform": "true"
            },
            "tags_all": {
              "Name": "orig-pessoas",
              "ProjectName": "Originação de Pessoas",
              "Terraform": "true"
            },
            "timeouts": {
              "create": "10m",
              "delete": "10m",
              "update": "60m"
            },
            "ttl": [
              {
                "attribute_name": "",
                "enabled": false
              }
            ],
            "write_capacity": 0
          },
          "sensitive_attributes": [],
          "private": "eyJlMmJmYjczMC1lY2FhLTExZTYtOGY4OC0zNDM2M2JjN2M0YzAiOnsiY3JlYXRlIjo2MDAwMDAwMDAwMDAsImRlbGV0ZSI6NjAwMDAwMDAwMDAwLCJ1cGRhdGUiOjM2MDAwMDAwMDAwMDB9LCJzY2hlbWFfdmVyc2lvbiI6IjEifQ=="
        }
      ]
    },
    {
      "mode": "managed",
      "type": "aws_iam_role",
      "name": "lambda_assume_role",
      "provider": "provider[\"registry.terraform.io/hashicorp/aws\"]",
      "instances": [
        {
          "schema_version": 0,
          "attributes": {
            "arn": "arn:aws:iam::796562869460:role/lambda-ddb-stream-role",
            "assume_role_policy": "{\"Version\":\"2012-10-17\",\"Statement\":[{\"Sid\":\"LambdaAssumeRole\",\"Effect\":\"Allow\",\"Principal\":{\"Service\":\"lambda.amazonaws.com\"},\"Action\":\"sts:AssumeRole\"}]}",
            "create_date": "2022-06-20T01:27:38Z",
            "description": "",
            "force_detach_policies": false,
            "id": "lambda-ddb-stream-role",
            "inline_policy": [
              {
                "name": "lambda-dynamodb-log-policy",
                "policy": "{\r\n  \"Version\": \"2012-10-17\",\r\n  \"Statement\": [\r\n    {\r\n        \"Action\": [ \"logs:*\" ],\r\n        \"Effect\": \"Allow\",\r\n        \"Resource\": [ \"arn:aws:logs:*:*:*\" ]\r\n    },\r\n    {\r\n        \"Action\": [ \"dynamodb:BatchGetItem\",\r\n                    \"dynamodb:GetItem\",\r\n                    \"dynamodb:GetRecords\",\r\n                    \"dynamodb:Scan\",\r\n                    \"dynamodb:Query\",\r\n                    \"dynamodb:GetShardIterator\",\r\n                    \"dynamodb:DescribeStream\",\r\n                    \"dynamodb:ListStreams\" ],\r\n        \"Effect\": \"Allow\",\r\n        \"Resource\": [\r\n          \"arn:aws:dynamodb:us-east-1:796562869460:table/orig-pessoas\",\r\n          \"arn:aws:dynamodb:us-east-1:796562869460:table/orig-pessoas/*\"\r\n        ]\r\n    }\r\n  ]\r\n}\r\n"
              }
            ],
            "managed_policy_arns": [
              "arn:aws:iam::796562869460:policy/service-role/AWSLambdaSNSTopicDestinationExecutionRole-2ff4e507-8259-4aa9-b3fd-2bd797d87dcf",
              "arn:aws:iam::aws:policy/AmazonSNSFullAccess"
            ],
            "max_session_duration": 3600,
            "name": "lambda-ddb-stream-role",
            "name_prefix": "",
            "path": "/",
            "permissions_boundary": null,
            "tags": {},
            "tags_all": {},
            "unique_id": "AROA3S5WYZTKJWJQV67KO"
          },
          "sensitive_attributes": [],
          "private": "bnVsbA==",
          "create_before_destroy": true
        }
      ]
    },
    {
      "mode": "managed",
      "type": "aws_iam_role_policy",
      "name": "dynamodb_read_log_policy",
      "provider": "provider[\"registry.terraform.io/hashicorp/aws\"]",
      "instances": [
        {
          "schema_version": 0,
          "attributes": {
            "id": "lambda-ddb-stream-role:lambda-dynamodb-log-policy",
            "name": "lambda-dynamodb-log-policy",
            "name_prefix": null,
            "policy": "{\r\n  \"Version\": \"2012-10-17\",\r\n  \"Statement\": [\r\n    {\r\n        \"Action\": [ \"logs:*\" ],\r\n        \"Effect\": \"Allow\",\r\n        \"Resource\": [ \"arn:aws:logs:*:*:*\" ]\r\n    },\r\n    {\r\n        \"Action\": [ \"dynamodb:BatchGetItem\",\r\n                    \"dynamodb:GetItem\",\r\n                    \"dynamodb:GetRecords\",\r\n                    \"dynamodb:Scan\",\r\n                    \"dynamodb:Query\",\r\n                    \"dynamodb:GetShardIterator\",\r\n                    \"dynamodb:DescribeStream\",\r\n                    \"dynamodb:ListStreams\" ],\r\n        \"Effect\": \"Allow\",\r\n        \"Resource\": [\r\n          \"arn:aws:dynamodb:us-east-1:796562869460:table/orig-pessoas\",\r\n          \"arn:aws:dynamodb:us-east-1:796562869460:table/orig-pessoas/*\"\r\n        ]\r\n    }\r\n  ]\r\n}\r\n",
            "role": "lambda-ddb-stream-role"
          },
          "sensitive_attributes": [],
          "private": "bnVsbA==",
          "dependencies": [
            "aws_dynamodb_table.this",
            "aws_iam_role.lambda_assume_role"
          ]
        }
      ]
    },
    {
      "mode": "managed",
      "type": "aws_iam_role_policy_attachment",
      "name": "lambda_to_sns_sns_full_access",
      "provider": "provider[\"registry.terraform.io/hashicorp/aws\"]",
      "instances": [
        {
          "schema_version": 0,
          "attributes": {
            "id": "lambda-ddb-stream-role-20220620022916167600000001",
            "policy_arn": "arn:aws:iam::aws:policy/AmazonSNSFullAccess",
            "role": "lambda-ddb-stream-role"
          },
          "sensitive_attributes": [],
          "private": "bnVsbA==",
          "dependencies": [
            "aws_iam_role.lambda_assume_role"
          ]
        }
      ]
    },
    {
      "mode": "managed",
      "type": "aws_lambda_event_source_mapping",
      "name": "func_ddb_stream_new_item_trigger",
      "provider": "provider[\"registry.terraform.io/hashicorp/aws\"]",
      "instances": [
        {
          "schema_version": 0,
          "attributes": {
            "batch_size": 100,
            "bisect_batch_on_function_error": false,
            "destination_config": [
              {
                "on_failure": [
                  {
                    "destination_arn": null
                  }
                ]
              }
            ],
            "enabled": true,
            "event_source_arn": "arn:aws:dynamodb:us-east-1:796562869460:table/orig-pessoas/stream/2022-06-20T01:15:50.329",
            "filter_criteria": [],
            "function_arn": "arn:aws:lambda:us-east-1:796562869460:function:orig-pessoas-func-ddb-stream-new-item-trigger",
            "function_name": "arn:aws:lambda:us-east-1:796562869460:function:orig-pessoas-func-ddb-stream-new-item-trigger",
            "function_response_types": [],
            "id": "0c34ab10-da91-4b75-b273-3b8239beeb2a",
            "last_modified": "2022-06-22T02:22:00Z",
            "last_processing_result": "No records processed",
            "maximum_batching_window_in_seconds": 0,
            "maximum_record_age_in_seconds": -1,
            "maximum_retry_attempts": -1,
            "parallelization_factor": 1,
            "queues": [],
            "self_managed_event_source": [],
            "source_access_configuration": [],
            "starting_position": "LATEST",
            "starting_position_timestamp": "",
            "state": "Enabled",
            "state_transition_reason": "User action",
            "topics": [],
            "tumbling_window_in_seconds": 0,
            "uuid": "0c34ab10-da91-4b75-b273-3b8239beeb2a"
          },
          "sensitive_attributes": [],
          "private": "bnVsbA==",
          "dependencies": [
            "aws_dynamodb_table.this",
            "aws_iam_role.lambda_assume_role",
            "aws_lambda_function.func_ddb_stream_new_item_trigger",
            "data.archive_file.orig_pess_func_ddb_stream_new_item_trigger_zip_file"
          ]
        }
      ]
    },
    {
      "mode": "managed",
      "type": "aws_lambda_function",
      "name": "func_ddb_stream_new_item_failover",
      "provider": "provider[\"registry.terraform.io/hashicorp/aws\"]",
      "instances": [
        {
          "schema_version": 0,
          "attributes": {
            "architectures": [
              "x86_64"
            ],
            "arn": "arn:aws:lambda:us-east-1:796562869460:function:orig-pessoas-func-ddb-stream-new-item-failover",
            "code_signing_config_arn": "",
            "dead_letter_config": [],
            "description": "",
            "environment": [
              {
                "variables": {
                  "S3_BUCKET_NAME_FAILOVER": "orig-pessoas-db-failover"
                }
              }
            ],
            "ephemeral_storage": [
              {
                "size": 512
              }
            ],
            "file_system_config": [],
            "filename": "./orig_pess_func_ddb_stream_new_item_failover_zip/orig_pess_func_ddb_stream_new_item_failover.zip",
            "function_name": "orig-pessoas-func-ddb-stream-new-item-failover",
            "handler": "handler.handler",
            "id": "orig-pessoas-func-ddb-stream-new-item-failover",
            "image_config": [],
            "image_uri": "",
            "invoke_arn": "arn:aws:apigateway:us-east-1:lambda:path/2015-03-31/functions/arn:aws:lambda:us-east-1:796562869460:function:orig-pessoas-func-ddb-stream-new-item-failover/invocations",
            "kms_key_arn": "",
            "last_modified": "2022-06-22T02:43:15.288+0000",
            "layers": [],
            "memory_size": 128,
            "package_type": "Zip",
            "publish": false,
            "qualified_arn": "arn:aws:lambda:us-east-1:796562869460:function:orig-pessoas-func-ddb-stream-new-item-failover:$LATEST",
            "reserved_concurrent_executions": -1,
            "role": "arn:aws:iam::796562869460:role/lambda-ddb-stream-role",
            "runtime": "python3.8",
            "s3_bucket": null,
            "s3_key": null,
            "s3_object_version": null,
            "signing_job_arn": "",
            "signing_profile_version_arn": "",
            "source_code_hash": "/M9tv3/8h3HLaW4T0zsiSCfmv3O3kAezhBvFPDNbGt0=",
            "source_code_size": 557,
            "tags": {},
            "tags_all": {},
            "timeout": 3,
            "timeouts": null,
            "tracing_config": [
              {
                "mode": "PassThrough"
              }
            ],
            "version": "$LATEST",
            "vpc_config": []
          },
          "sensitive_attributes": [],
          "private": "eyJlMmJmYjczMC1lY2FhLTExZTYtOGY4OC0zNDM2M2JjN2M0YzAiOnsiY3JlYXRlIjo2MDAwMDAwMDAwMDB9fQ==",
          "dependencies": [
            "aws_iam_role.lambda_assume_role",
            "aws_s3_bucket.orig-pessoas-db-failover",
            "data.archive_file.orig_pess_func_ddb_stream_new_item_failover_zip_file"
          ],
          "create_before_destroy": true
        }
      ]
    },
    {
      "mode": "managed",
      "type": "aws_lambda_function",
      "name": "func_ddb_stream_new_item_trigger",
      "provider": "provider[\"registry.terraform.io/hashicorp/aws\"]",
      "instances": [
        {
          "schema_version": 0,
          "attributes": {
            "architectures": [
              "x86_64"
            ],
            "arn": "arn:aws:lambda:us-east-1:796562869460:function:orig-pessoas-func-ddb-stream-new-item-trigger",
            "code_signing_config_arn": "",
            "dead_letter_config": [],
            "description": "",
            "environment": [],
            "ephemeral_storage": [
              {
                "size": 512
              }
            ],
            "file_system_config": [],
            "filename": "./orig_pess_func_ddb_stream_new_item_trigger_zip/orig_pess_func_ddb_stream_new_item_trigger.zip",
            "function_name": "orig-pessoas-func-ddb-stream-new-item-trigger",
            "handler": "handler.handler",
            "id": "orig-pessoas-func-ddb-stream-new-item-trigger",
            "image_config": [],
            "image_uri": "",
            "invoke_arn": "arn:aws:apigateway:us-east-1:lambda:path/2015-03-31/functions/arn:aws:lambda:us-east-1:796562869460:function:orig-pessoas-func-ddb-stream-new-item-trigger/invocations",
            "kms_key_arn": "",
            "last_modified": "2022-06-20T02:27:48.251+0000",
            "layers": [],
            "memory_size": 128,
            "package_type": "Zip",
            "publish": false,
            "qualified_arn": "arn:aws:lambda:us-east-1:796562869460:function:orig-pessoas-func-ddb-stream-new-item-trigger:$LATEST",
            "reserved_concurrent_executions": -1,
            "role": "arn:aws:iam::796562869460:role/lambda-ddb-stream-role",
            "runtime": "python3.8",
            "s3_bucket": null,
            "s3_key": null,
            "s3_object_version": null,
            "signing_job_arn": "",
            "signing_profile_version_arn": "",
            "source_code_hash": "PA0Mxdf+OBtwaNC8qhPaPeEUcdgcLpazXo80h4gOl2o=",
            "source_code_size": 468,
            "tags": {},
            "tags_all": {},
            "timeout": 3,
            "timeouts": null,
            "tracing_config": [
              {
                "mode": "PassThrough"
              }
            ],
            "version": "$LATEST",
            "vpc_config": []
          },
          "sensitive_attributes": [],
          "private": "eyJlMmJmYjczMC1lY2FhLTExZTYtOGY4OC0zNDM2M2JjN2M0YzAiOnsiY3JlYXRlIjo2MDAwMDAwMDAwMDB9fQ==",
          "dependencies": [
            "aws_iam_role.lambda_assume_role",
            "data.archive_file.orig_pess_func_ddb_stream_new_item_trigger_zip_file"
          ],
          "create_before_destroy": true
        }
      ]
    },
    {
      "mode": "managed",
      "type": "aws_lambda_function_event_invoke_config",
      "name": "func_ddb_stream_new_item_trigger",
      "provider": "provider[\"registry.terraform.io/hashicorp/aws\"]",
      "instances": [
        {
          "schema_version": 0,
          "attributes": {
            "destination_config": [
              {
                "on_failure": [
                  {
                    "destination": "arn:aws:sns:us-east-1:796562869460:orig-pessoas-new-item-sns-topic"
                  }
                ],
                "on_success": [
                  {
                    "destination": "arn:aws:sns:us-east-1:796562869460:orig-pessoas-new-item-sns-topic"
                  }
                ]
              }
            ],
            "function_name": "arn:aws:lambda:us-east-1:796562869460:function:orig-pessoas-func-ddb-stream-new-item-trigger",
            "id": "arn:aws:lambda:us-east-1:796562869460:function:orig-pessoas-func-ddb-stream-new-item-trigger",
            "maximum_event_age_in_seconds": 0,
            "maximum_retry_attempts": 2,
            "qualifier": ""
          },
          "sensitive_attributes": [],
          "private": "bnVsbA==",
          "dependencies": [
            "aws_iam_role.lambda_assume_role",
            "aws_lambda_function.func_ddb_stream_new_item_trigger",
            "aws_sns_topic.this",
            "data.archive_file.orig_pess_func_ddb_stream_new_item_trigger_zip_file"
          ]
        }
      ]
    },
    {
      "mode": "managed",
      "type": "aws_s3_bucket",
      "name": "orig-pessoas-db-failover",
      "provider": "provider[\"registry.terraform.io/hashicorp/aws\"]",
      "instances": [
        {
          "schema_version": 0,
          "attributes": {
            "acceleration_status": "",
            "acl": null,
            "arn": "arn:aws:s3:::orig-pessoas-db-failover",
            "bucket": "orig-pessoas-db-failover",
            "bucket_domain_name": "orig-pessoas-db-failover.s3.amazonaws.com",
            "bucket_prefix": null,
            "bucket_regional_domain_name": "orig-pessoas-db-failover.s3.amazonaws.com",
            "cors_rule": [],
            "force_destroy": false,
            "grant": [
              {
                "id": "d4b74a7c8f8ac72bbc54faceaf8901eb38b5ebaf1dd8325662a693dfe6e37dd0",
                "permissions": [
                  "FULL_CONTROL"
                ],
                "type": "CanonicalUser",
                "uri": ""
              }
            ],
            "hosted_zone_id": "Z3AQBSTGFYJSTF",
            "id": "orig-pessoas-db-failover",
            "lifecycle_rule": [],
            "logging": [],
            "object_lock_configuration": [],
            "object_lock_enabled": false,
            "policy": "",
            "region": "us-east-1",
            "replication_configuration": [],
            "request_payer": "BucketOwner",
            "server_side_encryption_configuration": [],
            "tags": {
              "Name": "orig-pessoas-db-failover",
              "ProjectName": "Originação de Pessoas Failover",
              "Terraform": "true"
            },
            "tags_all": {
              "Name": "orig-pessoas-db-failover",
              "ProjectName": "Originação de Pessoas Failover",
              "Terraform": "true"
            },
            "versioning": [
              {
                "enabled": false,
                "mfa_delete": false
              }
            ],
            "website": [],
            "website_domain": null,
            "website_endpoint": null
          },
          "sensitive_attributes": [],
          "private": "bnVsbA==",
          "create_before_destroy": true
        }
      ]
    },
    {
      "mode": "managed",
      "type": "aws_s3_bucket_acl",
      "name": "orig-pessoas-db-failover",
      "provider": "provider[\"registry.terraform.io/hashicorp/aws\"]",
      "instances": [
        {
          "schema_version": 0,
          "attributes": {
            "access_control_policy": [
              {
                "grant": [
                  {
                    "grantee": [
                      {
                        "display_name": "ndrhardsoft",
                        "email_address": "",
                        "id": "d4b74a7c8f8ac72bbc54faceaf8901eb38b5ebaf1dd8325662a693dfe6e37dd0",
                        "type": "CanonicalUser",
                        "uri": ""
                      }
                    ],
                    "permission": "FULL_CONTROL"
                  }
                ],
                "owner": [
                  {
                    "display_name": "ndrhardsoft",
                    "id": "d4b74a7c8f8ac72bbc54faceaf8901eb38b5ebaf1dd8325662a693dfe6e37dd0"
                  }
                ]
              }
            ],
            "acl": "private",
            "bucket": "orig-pessoas-db-failover",
            "expected_bucket_owner": "",
            "id": "orig-pessoas-db-failover,private"
          },
          "sensitive_attributes": [],
          "private": "bnVsbA==",
          "dependencies": [
            "aws_s3_bucket.orig-pessoas-db-failover"
          ]
        }
      ]
    },
    {
      "mode": "managed",
      "type": "aws_sns_topic",
      "name": "this",
      "provider": "provider[\"registry.terraform.io/hashicorp/aws\"]",
      "instances": [
        {
          "index_key": 0,
          "schema_version": 0,
          "attributes": {
            "application_failure_feedback_role_arn": "",
            "application_success_feedback_role_arn": "",
            "application_success_feedback_sample_rate": 0,
            "arn": "arn:aws:sns:us-east-1:796562869460:orig-pessoas-new-item-sns-topic",
            "content_based_deduplication": false,
            "delivery_policy": "",
            "display_name": "orig-pessoas-new-item-sns-topic",
            "fifo_topic": false,
            "firehose_failure_feedback_role_arn": "",
            "firehose_success_feedback_role_arn": "",
            "firehose_success_feedback_sample_rate": 0,
            "http_failure_feedback_role_arn": "",
            "http_success_feedback_role_arn": "",
            "http_success_feedback_sample_rate": 0,
            "id": "arn:aws:sns:us-east-1:796562869460:orig-pessoas-new-item-sns-topic",
            "kms_master_key_id": "",
            "lambda_failure_feedback_role_arn": "",
            "lambda_success_feedback_role_arn": "",
            "lambda_success_feedback_sample_rate": 0,
            "name": "orig-pessoas-new-item-sns-topic",
            "name_prefix": "",
            "owner": "796562869460",
            "policy": "{\"Version\":\"2008-10-17\",\"Id\":\"__default_policy_ID\",\"Statement\":[{\"Sid\":\"__default_statement_ID\",\"Effect\":\"Allow\",\"Principal\":{\"AWS\":\"*\"},\"Action\":[\"SNS:GetTopicAttributes\",\"SNS:SetTopicAttributes\",\"SNS:AddPermission\",\"SNS:RemovePermission\",\"SNS:DeleteTopic\",\"SNS:Subscribe\",\"SNS:ListSubscriptionsByTopic\",\"SNS:Publish\"],\"Resource\":\"arn:aws:sns:us-east-1:796562869460:orig-pessoas-new-item-sns-topic\",\"Condition\":{\"StringEquals\":{\"AWS:SourceOwner\":\"796562869460\"}}}]}",
            "sqs_failure_feedback_role_arn": "",
            "sqs_success_feedback_role_arn": "",
            "sqs_success_feedback_sample_rate": 0,
            "tags": {},
            "tags_all": {}
          },
          "sensitive_attributes": [],
          "private": "bnVsbA=="
        }
      ]
    },
    {
      "mode": "managed",
      "type": "aws_sns_topic_subscription",
      "name": "lambda_subscription_failover",
      "provider": "provider[\"registry.terraform.io/hashicorp/aws\"]",
      "instances": [
        {
          "schema_version": 0,
          "attributes": {
            "arn": "arn:aws:sns:us-east-1:796562869460:orig-pessoas-new-item-sns-topic:001b34ad-87e4-4a55-8c00-011d7280d4c7",
            "confirmation_timeout_in_minutes": 1,
            "confirmation_was_authenticated": true,
            "delivery_policy": "",
            "endpoint": "arn:aws:lambda:us-east-1:796562869460:function:orig-pessoas-func-ddb-stream-new-item-failover",
            "endpoint_auto_confirms": false,
            "filter_policy": "",
            "id": "arn:aws:sns:us-east-1:796562869460:orig-pessoas-new-item-sns-topic:001b34ad-87e4-4a55-8c00-011d7280d4c7",
            "owner_id": "796562869460",
            "pending_confirmation": false,
            "protocol": "lambda",
            "raw_message_delivery": false,
            "redrive_policy": "",
            "subscription_role_arn": "",
            "topic_arn": "arn:aws:sns:us-east-1:796562869460:orig-pessoas-new-item-sns-topic"
          },
          "sensitive_attributes": [],
          "private": "bnVsbA==",
          "dependencies": [
            "aws_lambda_function.func_ddb_stream_new_item_failover",
            "aws_sns_topic.this"
          ]
        }
      ]
    }
  ]
}
